
Microsoft Visual Studio Solution File, Format Version 12.00
# Visual Studio 14
VisualStudioVersion = 14.0.24720.0
MinimumVisualStudioVersion = 10.0.40219.1
Project("{F2A71F9B-5D33-465A-A702-920D77279786}") = "rOptimizer", "rOptimizer\rOptimizer.fsproj", "{47EBC69D-3A2A-4984-85C9-B58A7F2F3D79}"
EndProject
Global
	GlobalSection(SolutionConfigurationPlatforms) = preSolution
		Debug|Any CPU = Debug|Any CPU
		Release|Any CPU = Release|Any CPU
	EndGlobalSection
	GlobalSection(ProjectConfigurationPlatforms) = postSolution
		{47EBC69D-3A2A-4984-85C9-B58A7F2F3D79}.Debug|Any CPU.ActiveCfg = Debug|Any CPU
		{47EBC69D-3A2A-4984-85C9-B58A7F2F3D79}.Debug|Any CPU.Build.0 = Debug|Any CPU
		{47EBC69D-3A2A-4984-85C9-B58A7F2F3D79}.Release|Any CPU.ActiveCfg = Release|Any CPU
		{47EBC69D-3A2A-4984-85C9-B58A7F2F3D79}.Release|Any CPU.Build.0 = Release|Any CPU
	EndGlobalSection
	GlobalSection(SolutionProperties) = preSolution
		HideSolutionNode = FALSE
	EndGlobalSection
EndGlobal
